// !$*UTF8*$!
{
	archiveVersion = 1;
	classes = {
	};
	objectVersion = 77;
	objects = {

/* Begin PBXBuildFile section */
		29A2B3CB2FE303320086C6F7 /* Keyboard.appex in Embed Foundation Extensions */ = {isa = PBXBuildFile; fileRef = 29A2B3C42FE303310086C6F7 /* Keyboard.appex */; settings = {ATTRIBUTES = (RemoveHeadersOnCopy, ); }; };
		29A2B3D32FE3075A0086C6F7 /* KeyboardKit in Frameworks */ = {isa = PBXBuildFile; productRef = 29A2B3D22FE3075A0086C6F7 /* KeyboardKit */; };
		29A2B3DC2FE30BD40086C6F7 /* FlickDigits.swift in Sources */ = {isa = PBXBuildFile; fileRef = 29A2B3DA2FE30B160086C6F7 /* FlickDigits.swift */; };
		29A2B3DD2FE30BD40086C6F7 /* FlickDigits.swift in Sources */ = {isa = PBXBuildFile; fileRef = 29A2B3DA2FE30B160086C6F7 /* FlickDigits.swift */; };
/* End PBXBuildFile section */

/* Begin PBXContainerItemProxy section */
		29A2B3A42FE302F40086C6F7 /* PBXContainerItemProxy */ = {
			isa = PBXContainerItemProxy;
			containerPortal = 29A2B38E2FE302F20086C6F7 /* Project object */;
			proxyType = 1;
			remoteGlobalIDString = 29A2B3952FE302F20086C6F7;
			remoteInfo = FarsiVoiceKeyboard;
		};
		29A2B3AE2FE302F40086C6F7 /* PBXContainerItemProxy */ = {
			isa = PBXContainerItemProxy;
			containerPortal = 29A2B38E2FE302F20086C6F7 /* Project object */;
			proxyType = 1;
			remoteGlobalIDString = 29A2B3952FE302F20086C6F7;
			remoteInfo = FarsiVoiceKeyboard;
		};
		29A2B3C92FE303320086C6F7 /* PBXContainerItemProxy */ = {
			isa = PBXContainerItemProxy;
			containerPortal = 29A2B38E2FE302F20086C6F7 /* Project object */;
			proxyType = 1;
			remoteGlobalIDString = 29A2B3C32FE303310086C6F7;
			remoteInfo = Keyboard;
		};
/* End PBXContainerItemProxy section */

/* Begin PBXCopyFilesBuildPhase section */
		29A2B3D02FE303320086C6F7 /* Embed Foundation Extensions */ = {
			isa = PBXCopyFilesBuildPhase;
			buildActionMask = 2147483647;
			dstPath = "";
			dstSubfolderSpec = 13;
			files = (
				29A2B3CB2FE303320086C6F7 /* Keyboard.appex in Embed Foundation Extensions */,
			);
			name = "Embed Foundation Extensions";
			runOnlyForDeploymentPostprocessing = 0;
		};
/* End PBXCopyFilesBuildPhase section */

/* Begin PBXFileReference section */
		29A2B3962FE302F20086C6F7 /* FarsiVoiceKeyboard.app */ = {isa = PBXFileReference; explicitFileType = wrapper.application; includeInIndex = 0; path = FarsiVoiceKeyboard.app; sourceTree = BUILT_PRODUCTS_DIR; };
		29A2B3A32FE302F40086C6F7 /* FarsiVoiceKeyboardTests.xctest */ = {isa = PBXFileReference; explicitFileType = wrapper.cfbundle; includeInIndex = 0; path = FarsiVoiceKeyboardTests.xctest; sourceTree = BUILT_PRODUCTS_DIR; };
		29A2B3AD2FE302F40086C6F7 /* FarsiVoiceKeyboardUITests.xctest */ = {isa = PBXFileReference; explicitFileType = wrapper.cfbundle; includeInIndex = 0; path = FarsiVoiceKeyboardUITests.xctest; sourceTree = BUILT_PRODUCTS_DIR; };
		29A2B3C42FE303310086C6F7 /* Keyboard.appex */ = {isa = PBXFileReference; explicitFileType = "wrapper.app-extension"; includeInIndex = 0; path = Keyboard.appex; sourceTree = BUILT_PRODUCTS_DIR; };
		29A2B3DA2FE30B160086C6F7 /* FlickDigits.swift */ = {isa = PBXFileReference; lastKnownFileType = sourcecode.swift; path = FlickDigits.swift; sourceTree = "<group>"; };
/* End PBXFileReference section */

/* Begin PBXFileSystemSynchronizedBuildFileExceptionSet section */
		29A2B3CC2FE303320086C6F7 /* Exceptions for "Keyboard" folder in "Keyboard" target */ = {
			isa = PBXFileSystemSynchronizedBuildFileExceptionSet;
			membershipExceptions = (
				Info.plist,
			);
			target = 29A2B3C32FE303310086C6F7 /* Keyboard */;
		};
/* End PBXFileSystemSynchronizedBuildFileExceptionSet section */

/* Begin PBXFileSystemSynchronizedRootGroup section */
		29A2B3982FE302F20086C6F7 /* FarsiVoiceKeyboard */ = {
			isa = PBXFileSystemSynchronizedRootGroup;
			path = FarsiVoiceKeyboard;
			sourceTree = "<group>";
		};
		29A2B3A62FE302F40086C6F7 /* FarsiVoiceKeyboardTests */ = {
			isa = PBXFileSystemSynchronizedRootGroup;
			path = FarsiVoiceKeyboardTests;
			sourceTree = "<group>";
		};
		29A2B3B02FE302F40086C6F7 /* FarsiVoiceKeyboardUITests */ = {
			isa = PBXFileSystemSynchronizedRootGroup;
			path = FarsiVoiceKeyboardUITests;
			sourceTree = "<group>";
		};
		29A2B3C52FE303320086C6F7 /* Keyboard */ = {
			isa = PBXFileSystemSynchronizedRootGroup;
			exceptions = (
				29A2B3CC2FE303320086C6F7 /* Exceptions for "Keyboard" folder in "Keyboard" target */,
			);
			path = Keyboard;
			sourceTree = "<group>";
		};
/* End PBXFileSystemSynchronizedRootGroup section */

/* Begin PBXFrameworksBuildPhase section */
		29A2B3932FE302F20086C6F7 /* Frameworks */ = {
			isa = PBXFrameworksBuildPhase;
			buildActionMask = 2147483647;
			files = (
			);
			runOnlyForDeploymentPostprocessing = 0;
		};
		29A2B3A02FE302F40086C6F7 /* Frameworks */ = {
			isa = PBXFrameworksBuildPhase;
			buildActionMask = 2147483647;
			files = (
			);
			runOnlyForDeploymentPostprocessing = 0;
		};
		29A2B3AA2FE302F40086C6F7 /* Frameworks */ = {
			isa = PBXFrameworksBuildPhase;
			buildActionMask = 2147483647;
			files = (
			);
			runOnlyForDeploymentPostprocessing = 0;
		};
		29A2B3C12FE303310086C6F7 /* Frameworks */ = {
			isa = PBXFrameworksBuildPhase;
			buildActionMask = 2147483647;
			files = (
				29A2B3D32FE3075A0086C6F7 /* KeyboardKit in Frameworks */,
			);
			runOnlyForDeploymentPostprocessing = 0;
		};
/* End PBXFrameworksBuildPhase section */

/* Begin PBXGroup section */
		29A2B38D2FE302F20086C6F7 = {
			isa = PBXGroup;
			children = (
				29A2B3D92FE30B080086C6F7 /* Shared */,
				29A2B3982FE302F20086C6F7 /* FarsiVoiceKeyboard */,
				29A2B3A62FE302F40086C6F7 /* FarsiVoiceKeyboardTests */,
				29A2B3B02FE302F40086C6F7 /* FarsiVoiceKeyboardUITests */,
				29A2B3C52FE303320086C6F7 /* Keyboard */,
				29A2B3972FE302F20086C6F7 /* Products */,
			);
			sourceTree = "<group>";
		};
		29A2B3972FE302F20086C6F7 /* Products */ = {
			isa = PBXGroup;
			children = (
				29A2B3962FE302F20086C6F7 /* FarsiVoiceKeyboard.app */,
				29A2B3A32FE302F40086C6F7 /* FarsiVoiceKeyboardTests.xctest */,
				29A2B3AD2FE302F40086C6F7 /* FarsiVoiceKeyboardUITests.xctest */,
				29A2B3C42FE303310086C6F7 /* Keyboard.appex */,
			);
			name = Products;
			sourceTree = "<group>";
		};
		29A2B3D92FE30B080086C6F7 /* Shared */ = {
			isa = PBXGroup;
			children = (
				29A2B3DA2FE30B160086C6F7 /* FlickDigits.swift */,
			);
			path = Shared;
			sourceTree = "<group>";
		};
/* End PBXGroup section */

/* Begin PBXNativeTarget section */
		29A2B3952FE302F20086C6F7 /* FarsiVoiceKeyboard */ = {
			isa = PBXNativeTarget;
			buildConfigurationList = 29A2B3B72FE302F40086C6F7 /* Build configuration list for PBXNativeTarget "FarsiVoiceKeyboard" */;
			buildPhases = (
				29A2B3922FE302F20086C6F7 /* Sources */,
				29A2B3932FE302F20086C6F7 /* Frameworks */,
				29A2B3942FE302F20086C6F7 /* Resources */,
				29A2B3D02FE303320086C6F7 /* Embed Foundation Extensions */,
			);
			buildRules = (
			);
			dependencies = (
				29A2B3CA2FE303320086C6F7 /* PBXTargetDependency */,
			);
			fileSystemSynchronizedGroups = (
				29A2B3982FE302F20086C6F7 /* FarsiVoiceKeyboard */,
			);
			name = FarsiVoiceKeyboard;
			packageProductDependencies = (
			);
			productName = FarsiVoiceKeyboard;
			productReference = 29A2B3962FE302F20086C6F7 /* FarsiVoiceKeyboard.app */;
			productType = "com.apple.product-type.application";
		};
		29A2B3A22FE302F40086C6F7 /* FarsiVoiceKeyboardTests */ = {
			isa = PBXNativeTarget;
			buildConfigurationList = 29A2B3BA2FE302F40086C6F7 /* Build configuration list for PBXNativeTarget "FarsiVoiceKeyboardTests" */;
			buildPhases = (
				29A2B39F2FE302F40086C6F7 /* Sources */,
				29A2B3A02FE302F40086C6F7 /* Frameworks */,
				29A2B3A12FE302F40086C6F7 /* Resources */,
			);
			buildRules = (
			);
			dependencies = (
				29A2B3A52FE302F40086C6F7 /* PBXTargetDependency */,
			);
			fileSystemSynchronizedGroups = (
				29A2B3A62FE302F40086C6F7 /* FarsiVoiceKeyboardTests */,
			);
			name = FarsiVoiceKeyboardTests;
			packageProductDependencies = (
			);
			productName = FarsiVoiceKeyboardTests;
			productReference = 29A2B3A32FE302F40086C6F7 /* FarsiVoiceKeyboardTests.xctest */;
			productType = "com.apple.product-type.bundle.unit-test";
		};
		29A2B3AC2FE302F40086C6F7 /* FarsiVoiceKeyboardUITests */ = {
			isa = PBXNativeTarget;
			buildConfigurationList = 29A2B3BD2FE302F40086C6F7 /* Build configuration list for PBXNativeTarget "FarsiVoiceKeyboardUITests" */;
			buildPhases = (
				29A2B3A92FE302F40086C6F7 /* Sources */,
				29A2B3AA2FE302F40086C6F7 /* Frameworks */,
				29A2B3AB2FE302F40086C6F7 /* Resources */,
			);
			buildRules = (
			);
			dependencies = (
				29A2B3AF2FE302F40086C6F7 /* PBXTargetDependency */,
			);
			fileSystemSynchronizedGroups = (
				29A2B3B02FE302F40086C6F7 /* FarsiVoiceKeyboardUITests */,
			);
			name = FarsiVoiceKeyboardUITests;
			packageProductDependencies = (
			);
			productName = FarsiVoiceKeyboardUITests;
			productReference = 29A2B3AD2FE302F40086C6F7 /* FarsiVoiceKeyboardUITests.xctest */;
			productType = "com.apple.product-type.bundle.ui-testing";
		};
		29A2B3C32FE303310086C6F7 /* Keyboard */ = {
			isa = PBXNativeTarget;
			buildConfigurationList = 29A2B3CD2FE303320086C6F7 /* Build configuration list for PBXNativeTarget "Keyboard" */;
			buildPhases = (
				29A2B3C02FE303310086C6F7 /* Sources */,
				29A2B3C12FE303310086C6F7 /* Frameworks */,
				29A2B3C22FE303310086C6F7 /* Resources */,
			);
			buildRules = (
			);
			dependencies = (
			);
			fileSystemSynchronizedGroups = (
				29A2B3C52FE303320086C6F7 /* Keyboard */,
			);
			name = Keyboard;
			packageProductDependencies = (
				29A2B3D22FE3075A0086C6F7 /* KeyboardKit */,
			);
			productName = Keyboard;
			productReference = 29A2B3C42FE303310086C6F7 /* Keyboard.appex */;
			productType = "com.apple.product-type.app-extension";
		};
/* End PBXNativeTarget section */

/* Begin PBXProject section */
		29A2B38E2FE302F20086C6F7 /* Project object */ = {
			isa = PBXProject;
			attributes = {
				BuildIndependentTargetsInParallel = 1;
				LastSwiftUpdateCheck = 2650;
				LastUpgradeCheck = 2650;
				TargetAttributes = {
					29A2B3952FE302F20086C6F7 = {
						CreatedOnToolsVersion = 26.5;
					};
					29A2B3A22FE302F40086C6F7 = {
						CreatedOnToolsVersion = 26.5;
						TestTargetID = 29A2B3952FE302F20086C6F7;
					};
					29A2B3AC2FE302F40086C6F7 = {
						CreatedOnToolsVersion = 26.5;
						TestTargetID = 29A2B3952FE302F20086C6F7;
					};
					29A2B3C32FE303310086C6F7 = {
						CreatedOnToolsVersion = 26.5;
					};
				};
			};
			buildConfigurationList = 29A2B3912FE302F20086C6F7 /* Build configuration list for PBXProject "FarsiVoiceKeyboard" */;
			developmentRegion = en;
			hasScannedForEncodings = 0;
			knownRegions = (
				en,
				Base,
			);
			mainGroup = 29A2B38D2FE302F20086C6F7;
			minimizedProjectReferenceProxies = 1;
			packageReferences = (
				29A2B3D12FE3075A0086C6F7 /* XCRemoteSwiftPackageReference "KeyboardKit" */,
			);
			preferredProjectObjectVersion = 77;
			productRefGroup = 29A2B3972FE302F20086C6F7 /* Products */;
			projectDirPath = "";
			projectRoot = "";
			targets = (
				29A2B3952FE302F20086C6F7 /* FarsiVoiceKeyboard */,
				29A2B3A22FE302F40086C6F7 /* FarsiVoiceKeyboardTests */,
				29A2B3AC2FE302F40086C6F7 /* FarsiVoiceKeyboardUITests */,
				29A2B3C32FE303310086C6F7 /* Keyboard */,
			);
		};
/* End PBXProject section */

/* Begin PBXResourcesBuildPhase section */
		29A2B3942FE302F20086C6F7 /* Resources */ = {
			isa = PBXResourcesBuildPhase;
			buildActionMask = 2147483647;
			files = (
			);
			runOnlyForDeploymentPostprocessing = 0;
		};
		29A2B3A12FE302F40086C6F7 /* Resources */ = {
			isa = PBXResourcesBuildPhase;
			buildActionMask = 2147483647;
			files = (
			);
			runOnlyForDeploymentPostprocessing = 0;
		};
		29A2B3AB2FE302F40086C6F7 /* Resources */ = {
			isa = PBXResourcesBuildPhase;
			buildActionMask = 2147483647;
			files = (
			);
			runOnlyForDeploymentPostprocessing = 0;
		};
		29A2B3C22FE303310086C6F7 /* Resources */ = {
			isa = PBXResourcesBuildPhase;
			buildActionMask = 2147483647;
			files = (
			);
			runOnlyForDeploymentPostprocessing = 0;
		};
/* End PBXResourcesBuildPhase section */

/* Begin PBXSourcesBuildPhase section */
		29A2B3922FE302F20086C6F7 /* Sources */ = {
			isa = PBXSourcesBuildPhase;
			buildActionMask = 2147483647;
			files = (
				29A2B3DC2FE30BD40086C6F7 /* FlickDigits.swift in Sources */,
			);
			runOnlyForDeploymentPostprocessing = 0;
		};
		29A2B39F2FE302F40086C6F7 /* Sources */ = {
			isa = PBXSourcesBuildPhase;
			buildActionMask = 2147483647;
			files = (
			);
			runOnlyForDeploymentPostprocessing = 0;
		};
		29A2B3A92FE302F40086C6F7 /* Sources */ = {
			isa = PBXSourcesBuildPhase;
			buildActionMask = 2147483647;
			files = (
			);
			runOnlyForDeploymentPostprocessing = 0;
		};
		29A2B3C02FE303310086C6F7 /* Sources */ = {
			isa = PBXSourcesBuildPhase;
			buildActionMask = 2147483647;
			files = (
				29A2B3DD2FE30BD40086C6F7 /* FlickDigits.swift in Sources */,
			);
			runOnlyForDeploymentPostprocessing = 0;
		};
/* End PBXSourcesBuildPhase section */

/* Begin PBXTargetDependency section */
		29A2B3A52FE302F40086C6F7 /* PBXTargetDependency */ = {
			isa = PBXTargetDependency;
			target = 29A2B3952FE302F20086C6F7 /* FarsiVoiceKeyboard */;
			targetProxy = 29A2B3A42FE302F40086C6F7 /* PBXContainerItemProxy */;
		};
		29A2B3AF2FE302F40086C6F7 /* PBXTargetDependency */ = {
			isa = PBXTargetDependency;
			target = 29A2B3952FE302F20086C6F7 /* FarsiVoiceKeyboard */;
			targetProxy = 29A2B3AE2FE302F40086C6F7 /* PBXContainerItemProxy */;
		};
		29A2B3CA2FE303320086C6F7 /* PBXTargetDependency */ = {
			isa = PBXTargetDependency;
			target = 29A2B3C32FE303310086C6F7 /* Keyboard */;
			targetProxy = 29A2B3C92FE303320086C6F7 /* PBXContainerItemProxy */;
		};
/* End PBXTargetDependency section */

/* Begin XCBuildConfiguration section */
		29A2B3B52FE302F40086C6F7 /* Debug */ = {
			isa = XCBuildConfiguration;
			buildSettings = {
				ALWAYS_SEARCH_USER_PATHS = NO;
				ASSETCATALOG_COMPILER_GENERATE_SWIFT_ASSET_SYMBOL_EXTENSIONS = YES;
				CLANG_ANALYZER_NONNULL = YES;
				CLANG_ANALYZER_NUMBER_OBJECT_CONVERSION = YES_AGGRESSIVE;
				CLANG_CXX_LANGUAGE_STANDARD = "gnu++20";
				CLANG_ENABLE_MODULES = YES;
				CLANG_ENABLE_OBJC_ARC = YES;
				CLANG_ENABLE_OBJC_WEAK = YES;
				CLANG_WARN_BLOCK_CAPTURE_AUTORELEASING = YES;
				CLANG_WARN_BOOL_CONVERSION = YES;
				CLANG_WARN_COMMA = YES;
				CLANG_WARN_CONSTANT_CONVERSION = YES;
				CLANG_WARN_DEPRECATED_OBJC_IMPLEMENTATIONS = YES;
				CLANG_WARN_DIRECT_OBJC_ISA_USAGE = YES_ERROR;
				CLANG_WARN_DOCUMENTATION_COMMENTS = YES;
				CLANG_WARN_EMPTY_BODY = YES;
				CLANG_WARN_ENUM_CONVERSION = YES;
				CLANG_WARN_INFINITE_RECURSION = YES;
				CLANG_WARN_INT_CONVERSION = YES;
				CLANG_WARN_NON_LITERAL_NULL_CONVERSION = YES;
				CLANG_WARN_OBJC_IMPLICIT_RETAIN_SELF = YES;
				CLANG_WARN_OBJC_LITERAL_CONVERSION = YES;
				CLANG_WARN_OBJC_ROOT_CLASS = YES_ERROR;
				CLANG_WARN_QUOTED_INCLUDE_IN_FRAMEWORK_HEADER = YES;
				CLANG_WARN_RANGE_LOOP_ANALYSIS = YES;
				CLANG_WARN_STRICT_PROTOTYPES = YES;
				CLANG_WARN_SUSPICIOUS_MOVE = YES;
				CLANG_WARN_UNGUARDED_AVAILABILITY = YES_AGGRESSIVE;
				CLANG_WARN_UNREACHABLE_CODE = YES;
				CLANG_WARN__DUPLICATE_METHOD_MATCH = YES;
				COPY_PHASE_STRIP = NO;
				DEBUG_INFORMATION_FORMAT = dwarf;
				DEVELOPMENT_TEAM = QPSVFVND97;
				ENABLE_STRICT_OBJC_MSGSEND = YES;
				ENABLE_TESTABILITY = YES;
				ENABLE_USER_SCRIPT_SANDBOXING = YES;
				GCC_C_LANGUAGE_STANDARD = gnu17;
				GCC_DYNAMIC_NO_PIC = NO;
				GCC_NO_COMMON_BLOCKS = YES;
				GCC_OPTIMIZATION_LEVEL = 0;
				GCC_PREPROCESSOR_DEFINITIONS = (
					"DEBUG=1",
					"$(inherited)",
				);
				GCC_WARN_64_TO_32_BIT_CONVERSION = YES;
				GCC_WARN_ABOUT_RETURN_TYPE = YES_ERROR;
				GCC_WARN_UNDECLARED_SELECTOR = YES;
				GCC_WARN_UNINITIALIZED_AUTOS = YES_AGGRESSIVE;
				GCC_WARN_UNUSED_FUNCTION = YES;
				GCC_WARN_UNUSED_VARIABLE = YES;
				IPHONEOS_DEPLOYMENT_TARGET = 26.5;
				LOCALIZATION_PREFERS_STRING_CATALOGS = YES;
				MTL_ENABLE_DEBUG_INFO = INCLUDE_SOURCE;
				MTL_FAST_MATH = YES;
				ONLY_ACTIVE_ARCH = YES;
				SDKROOT = iphoneos;
				SWIFT_ACTIVE_COMPILATION_CONDITIONS = "DEBUG $(inherited)";
				SWIFT_OPTIMIZATION_LEVEL = "-Onone";
			};
			name = Debug;
		};
		29A2B3B62FE302F40086C6F7 /* Release */ = {
			isa = XCBuildConfiguration;
			buildSettings = {
				ALWAYS_SEARCH_USER_PATHS = NO;
				ASSETCATALOG_COMPILER_GENERATE_SWIFT_ASSET_SYMBOL_EXTENSIONS = YES;
				CLANG_ANALYZER_NONNULL = YES;
				CLANG_ANALYZER_NUMBER_OBJECT_CONVERSION = YES_AGGRESSIVE;
				CLANG_CXX_LANGUAGE_STANDARD = "gnu++20";
				CLANG_ENABLE_MODULES = YES;
				CLANG_ENABLE_OBJC_ARC = YES;
				CLANG_ENABLE_OBJC_WEAK = YES;
				CLANG_WARN_BLOCK_CAPTURE_AUTORELEASING = YES;
				CLANG_WARN_BOOL_CONVERSION = YES;
				CLANG_WARN_COMMA = YES;
				CLANG_WARN_CONSTANT_CONVERSION = YES;
				CLANG_WARN_DEPRECATED_OBJC_IMPLEMENTATIONS = YES;
				CLANG_WARN_DIRECT_OBJC_ISA_USAGE = YES_ERROR;
				CLANG_WARN_DOCUMENTATION_COMMENTS = YES;
				CLANG_WARN_EMPTY_BODY = YES;
				CLANG_WARN_ENUM_CONVERSION = YES;
				CLANG_WARN_INFINITE_RECURSION = YES;
				CLANG_WARN_INT_CONVERSION = YES;
				CLANG_WARN_NON_LITERAL_NULL_CONVERSION = YES;
				CLANG_WARN_OBJC_IMPLICIT_RETAIN_SELF = YES;
				CLANG_WARN_OBJC_LITERAL_CONVERSION = YES;
				CLANG_WARN_OBJC_ROOT_CLASS = YES_ERROR;
				CLANG_WARN_QUOTED_INCLUDE_IN_FRAMEWORK_HEADER = YES;
				CLANG_WARN_RANGE_LOOP_ANALYSIS = YES;
				CLANG_WARN_STRICT_PROTOTYPES = YES;
				CLANG_WARN_SUSPICIOUS_MOVE = YES;
				CLANG_WARN_UNGUARDED_AVAILABILITY = YES_AGGRESSIVE;
				CLANG_WARN_UNREACHABLE_CODE = YES;
				CLANG_WARN__DUPLICATE_METHOD_MATCH = YES;
				COPY_PHASE_STRIP = NO;
				DEBUG_INFORMATION_FORMAT = "dwarf-with-dsym";
				DEVELOPMENT_TEAM = QPSVFVND97;
				ENABLE_NS_ASSERTIONS = NO;
				ENABLE_STRICT_OBJC_MSGSEND = YES;
				ENABLE_USER_SCRIPT_SANDBOXING = YES;
				GCC_C_LANGUAGE_STANDARD = gnu17;
				GCC_NO_COMMON_BLOCKS = YES;
				GCC_WARN_64_TO_32_BIT_CONVERSION = YES;
				GCC_WARN_ABOUT_RETURN_TYPE = YES_ERROR;
				GCC_WARN_UNDECLARED_SELECTOR = YES;
				GCC_WARN_UNINITIALIZED_AUTOS = YES_AGGRESSIVE;
				GCC_WARN_UNUSED_FUNCTION = YES;
				GCC_WARN_UNUSED_VARIABLE = YES;
				IPHONEOS_DEPLOYMENT_TARGET = 26.5;
				LOCALIZATION_PREFERS_STRING_CATALOGS = YES;
				MTL_ENABLE_DEBUG_INFO = NO;
				MTL_FAST_MATH = YES;
				SDKROOT = iphoneos;
				SWIFT_COMPILATION_MODE = wholemodule;
				VALIDATE_PRODUCT = YES;
			};
			name = Release;
		};
		29A2B3B82FE302F40086C6F7 /* Debug */ = {
			isa = XCBuildConfiguration;
			buildSettings = {
				ASSETCATALOG_COMPILER_APPICON_NAME = AppIcon;
				ASSETCATALOG_COMPILER_GLOBAL_ACCENT_COLOR_NAME = AccentColor;
				CODE_SIGN_STYLE = Automatic;
				CURRENT_PROJECT_VERSION = 1;
				DEVELOPMENT_TEAM = QPSVFVND97;
				ENABLE_PREVIEWS = YES;
				GENERATE_INFOPLIST_FILE = YES;
				INFOPLIST_KEY_UIApplicationSceneManifest_Generation = YES;
				INFOPLIST_KEY_UIApplicationSupportsIndirectInputEvents = YES;
				INFOPLIST_KEY_UILaunchScreen_Generation = YES;
				INFOPLIST_KEY_UISupportedInterfaceOrientations_iPad = "UIInterfaceOrientationPortrait UIInterfaceOrientationPortraitUpsideDown UIInterfaceOrientationLandscapeLeft UIInterfaceOrientationLandscapeRight";
				INFOPLIST_KEY_UISupportedInterfaceOrientations_iPhone = "UIInterfaceOrientationPortrait UIInterfaceOrientationLandscapeLeft UIInterfaceOrientationLandscapeRight";
				LD_RUNPATH_SEARCH_PATHS = (
					"$(inherited)",
					"@executable_path/Frameworks",
				);
				MARKETING_VERSION = 1.0;
				PRODUCT_BUNDLE_IDENTIFIER = com.farsivoicekeyboard.FarsiVoiceKeyboard;
				PRODUCT_NAME = "$(TARGET_NAME)";
				STRING_CATALOG_GENERATE_SYMBOLS = YES;
				SWIFT_APPROACHABLE_CONCURRENCY = YES;
				SWIFT_DEFAULT_ACTOR_ISOLATION = MainActor;
				SWIFT_EMIT_LOC_STRINGS = YES;
				SWIFT_UPCOMING_FEATURE_MEMBER_IMPORT_VISIBILITY = YES;
				SWIFT_VERSION = 5.0;
				TARGETED_DEVICE_FAMILY = "1,2";
			};
			name = Debug;
		};
		29A2B3B92FE302F40086C6F7 /* Release */ = {
			isa = XCBuildConfiguration;
			buildSettings = {
				ASSETCATALOG_COMPILER_APPICON_NAME = AppIcon;
				ASSETCATALOG_COMPILER_GLOBAL_ACCENT_COLOR_NAME = AccentColor;
				CODE_SIGN_STYLE = Automatic;
				CURRENT_PROJECT_VERSION = 1;
				DEVELOPMENT_TEAM = QPSVFVND97;
				ENABLE_PREVIEWS = YES;
				GENERATE_INFOPLIST_FILE = YES;
				INFOPLIST_KEY_UIApplicationSceneManifest_Generation = YES;
				INFOPLIST_KEY_UIApplicationSupportsIndirectInputEvents = YES;
				INFOPLIST_KEY_UILaunchScreen_Generation = YES;
				INFOPLIST_KEY_UISupportedInterfaceOrientations_iPad = "UIInterfaceOrientationPortrait UIInterfaceOrientationPortraitUpsideDown UIInterfaceOrientationLandscapeLeft UIInterfaceOrientationLandscapeRight";
				INFOPLIST_KEY_UISupportedInterfaceOrientations_iPhone = "UIInterfaceOrientationPortrait UIInterfaceOrientationLandscapeLeft UIInterfaceOrientationLandscapeRight";
				LD_RUNPATH_SEARCH_PATHS = (
					"$(inherited)",
					"@executable_path/Frameworks",
				);
				MARKETING_VERSION = 1.0;
				PRODUCT_BUNDLE_IDENTIFIER = com.farsivoicekeyboard.FarsiVoiceKeyboard;
				PRODUCT_NAME = "$(TARGET_NAME)";
				STRING_CATALOG_GENERATE_SYMBOLS = YES;
				SWIFT_APPROACHABLE_CONCURRENCY = YES;
				SWIFT_DEFAULT_ACTOR_ISOLATION = MainActor;
				SWIFT_EMIT_LOC_STRINGS = YES;
				SWIFT_UPCOMING_FEATURE_MEMBER_IMPORT_VISIBILITY = YES;
				SWIFT_VERSION = 5.0;
				TARGETED_DEVICE_FAMILY = "1,2";
			};
			name = Release;
		};
		29A2B3BB2FE302F40086C6F7 /* Debug */ = {
			isa = XCBuildConfiguration;
			buildSettings = {
				BUNDLE_LOADER = "$(TEST_HOST)";
				CODE_SIGN_STYLE = Automatic;
				CURRENT_PROJECT_VERSION = 1;
				DEVELOPMENT_TEAM = QPSVFVND97;
				GENERATE_INFOPLIST_FILE = YES;
				IPHONEOS_DEPLOYMENT_TARGET = 26.5;
				MARKETING_VERSION = 1.0;
				PRODUCT_BUNDLE_IDENTIFIER = com.farsivoicekeyboard.FarsiVoiceKeyboardTests;
				PRODUCT_NAME = "$(TARGET_NAME)";
				STRING_CATALOG_GENERATE_SYMBOLS = NO;
				SWIFT_APPROACHABLE_CONCURRENCY = YES;
				SWIFT_EMIT_LOC_STRINGS = NO;
				SWIFT_UPCOMING_FEATURE_MEMBER_IMPORT_VISIBILITY = YES;
				SWIFT_VERSION = 5.0;
				TARGETED_DEVICE_FAMILY = "1,2";
				TEST_HOST = "$(BUILT_PRODUCTS_DIR)/FarsiVoiceKeyboard.app/$(BUNDLE_EXECUTABLE_FOLDER_PATH)/FarsiVoiceKeyboard";
			};
			name = Debug;
		};
		29A2B3BC2FE302F40086C6F7 /* Release */ = {
			isa = XCBuildConfiguration;
			buildSettings = {
				BUNDLE_LOADER = "$(TEST_HOST)";
				CODE_SIGN_STYLE = Automatic;
				CURRENT_PROJECT_VERSION = 1;
				DEVELOPMENT_TEAM = QPSVFVND97;
				GENERATE_INFOPLIST_FILE = YES;
				IPHONEOS_DEPLOYMENT_TARGET = 26.5;
				MARKETING_VERSION = 1.0;
				PRODUCT_BUNDLE_IDENTIFIER = com.farsivoicekeyboard.FarsiVoiceKeyboardTests;
				PRODUCT_NAME = "$(TARGET_NAME)";
				STRING_CATALOG_GENERATE_SYMBOLS = NO;
				SWIFT_APPROACHABLE_CONCURRENCY = YES;
				SWIFT_EMIT_LOC_STRINGS = NO;
				SWIFT_UPCOMING_FEATURE_MEMBER_IMPORT_VISIBILITY = YES;
				SWIFT_VERSION = 5.0;
				TARGETED_DEVICE_FAMILY = "1,2";
				TEST_HOST = "$(BUILT_PRODUCTS_DIR)/FarsiVoiceKeyboard.app/$(BUNDLE_EXECUTABLE_FOLDER_PATH)/FarsiVoiceKeyboard";
			};
			name = Release;
		};
		29A2B3BE2FE302F40086C6F7 /* Debug */ = {
			isa = XCBuildConfiguration;
			buildSettings = {
				CODE_SIGN_STYLE = Automatic;
				CURRENT_PROJECT_VERSION = 1;
				DEVELOPMENT_TEAM = QPSVFVND97;
				GENERATE_INFOPLIST_FILE = YES;
				MARKETING_VERSION = 1.0;
				PRODUCT_BUNDLE_IDENTIFIER = com.farsivoicekeyboard.FarsiVoiceKeyboardUITests;
				PRODUCT_NAME = "$(TARGET_NAME)";
				STRING_CATALOG_GENERATE_SYMBOLS = NO;
				SWIFT_APPROACHABLE_CONCURRENCY = YES;
				SWIFT_EMIT_LOC_STRINGS = NO;
				SWIFT_UPCOMING_FEATURE_MEMBER_IMPORT_VISIBILITY = YES;
				SWIFT_VERSION = 5.0;
				TARGETED_DEVICE_FAMILY = "1,2";
				TEST_TARGET_NAME = FarsiVoiceKeyboard;
			};
			name = Debug;
		};
		29A2B3BF2FE302F40086C6F7 /* Release */ = {
			isa = XCBuildConfiguration;
			buildSettings = {
				CODE_SIGN_STYLE = Automatic;
				CURRENT_PROJECT_VERSION = 1;
				DEVELOPMENT_TEAM = QPSVFVND97;
				GENERATE_INFOPLIST_FILE = YES;
				MARKETING_VERSION = 1.0;
				PRODUCT_BUNDLE_IDENTIFIER = com.farsivoicekeyboard.FarsiVoiceKeyboardUITests;
				PRODUCT_NAME = "$(TARGET_NAME)";
				STRING_CATALOG_GENERATE_SYMBOLS = NO;
				SWIFT_APPROACHABLE_CONCURRENCY = YES;
				SWIFT_EMIT_LOC_STRINGS = NO;
				SWIFT_UPCOMING_FEATURE_MEMBER_IMPORT_VISIBILITY = YES;
				SWIFT_VERSION = 5.0;
				TARGETED_DEVICE_FAMILY = "1,2";
				TEST_TARGET_NAME = FarsiVoiceKeyboard;
			};
			name = Release;
		};
		29A2B3CE2FE303320086C6F7 /* Debug */ = {
			isa = XCBuildConfiguration;
			buildSettings = {
				CODE_SIGN_STYLE = Automatic;
				CURRENT_PROJECT_VERSION = 1;
				DEVELOPMENT_TEAM = QPSVFVND97;
				GENERATE_INFOPLIST_FILE = YES;
				INFOPLIST_FILE = Keyboard/Info.plist;
				INFOPLIST_KEY_CFBundleDisplayName = Keyboard;
				INFOPLIST_KEY_NSHumanReadableCopyright = "";
				LD_RUNPATH_SEARCH_PATHS = (
					"$(inherited)",
					"@executable_path/Frameworks",
					"@executable_path/../../Frameworks",
				);
				MARKETING_VERSION = 1.0;
				PRODUCT_BUNDLE_IDENTIFIER = com.farsivoicekeyboard.FarsiVoiceKeyboard.Keyboard;
				PRODUCT_NAME = "$(TARGET_NAME)";
				SKIP_INSTALL = YES;
				STRING_CATALOG_GENERATE_SYMBOLS = YES;
				SWIFT_APPROACHABLE_CONCURRENCY = YES;
				SWIFT_EMIT_LOC_STRINGS = YES;
				SWIFT_UPCOMING_FEATURE_MEMBER_IMPORT_VISIBILITY = YES;
				SWIFT_VERSION = 5.0;
				TARGETED_DEVICE_FAMILY = "1,2";
			};
			name = Debug;
		};
		29A2B3CF2FE303320086C6F7 /* Release */ = {
			isa = XCBuildConfiguration;
			buildSettings = {
				CODE_SIGN_STYLE = Automatic;
				CURRENT_PROJECT_VERSION = 1;
				DEVELOPMENT_TEAM = QPSVFVND97;
				GENERATE_INFOPLIST_FILE = YES;
				INFOPLIST_FILE = Keyboard/Info.plist;
				INFOPLIST_KEY_CFBundleDisplayName = Keyboard;
				INFOPLIST_KEY_NSHumanReadableCopyright = "";
				LD_RUNPATH_SEARCH_PATHS = (
					"$(inherited)",
					"@executable_path/Frameworks",
					"@executable_path/../../Frameworks",
				);
				MARKETING_VERSION = 1.0;
				PRODUCT_BUNDLE_IDENTIFIER = com.farsivoicekeyboard.FarsiVoiceKeyboard.Keyboard;
				PRODUCT_NAME = "$(TARGET_NAME)";
				SKIP_INSTALL = YES;
				STRING_CATALOG_GENERATE_SYMBOLS = YES;
				SWIFT_APPROACHABLE_CONCURRENCY = YES;
				SWIFT_EMIT_LOC_STRINGS = YES;
				SWIFT_UPCOMING_FEATURE_MEMBER_IMPORT_VISIBILITY = YES;
				SWIFT_VERSION = 5.0;
				TARGETED_DEVICE_FAMILY = "1,2";
			};
			name = Release;
		};
/* End XCBuildConfiguration section */

/* Begin XCConfigurationList section */
		29A2B3912FE302F20086C6F7 /* Build configuration list for PBXProject "FarsiVoiceKeyboard" */ = {
			isa = XCConfigurationList;
			buildConfigurations = (
				29A2B3B52FE302F40086C6F7 /* Debug */,
				29A2B3B62FE302F40086C6F7 /* Release */,
			);
			defaultConfigurationIsVisible = 0;
			defaultConfigurationName = Release;
		};
		29A2B3B72FE302F40086C6F7 /* Build configuration list for PBXNativeTarget "FarsiVoiceKeyboard" */ = {
			isa = XCConfigurationList;
			buildConfigurations = (
				29A2B3B82FE302F40086C6F7 /* Debug */,
				29A2B3B92FE302F40086C6F7 /* Release */,
			);
			defaultConfigurationIsVisible = 0;
			defaultConfigurationName = Release;
		};
		29A2B3BA2FE302F40086C6F7 /* Build configuration list for PBXNativeTarget "FarsiVoiceKeyboardTests" */ = {
			isa = XCConfigurationList;
			buildConfigurations = (
				29A2B3BB2FE302F40086C6F7 /* Debug */,
				29A2B3BC2FE302F40086C6F7 /* Release */,
			);
			defaultConfigurationIsVisible = 0;
			defaultConfigurationName = Release;
		};
		29A2B3BD2FE302F40086C6F7 /* Build configuration list for PBXNativeTarget "FarsiVoiceKeyboardUITests" */ = {
			isa = XCConfigurationList;
			buildConfigurations = (
				29A2B3BE2FE302F40086C6F7 /* Debug */,
				29A2B3BF2FE302F40086C6F7 /* Release */,
			);
			defaultConfigurationIsVisible = 0;
			defaultConfigurationName = Release;
		};
		29A2B3CD2FE303320086C6F7 /* Build configuration list for PBXNativeTarget "Keyboard" */ = {
			isa = XCConfigurationList;
			buildConfigurations = (
				29A2B3CE2FE303320086C6F7 /* Debug */,
				29A2B3CF2FE303320086C6F7 /* Release */,
			);
			defaultConfigurationIsVisible = 0;
			defaultConfigurationName = Release;
		};
/* End XCConfigurationList section */

/* Begin XCRemoteSwiftPackageReference section */
		29A2B3D12FE3075A0086C6F7 /* XCRemoteSwiftPackageReference "KeyboardKit" */ = {
			isa = XCRemoteSwiftPackageReference;
			repositoryURL = "https://github.com/KeyboardKit/KeyboardKit.git";
			requirement = {
				kind = upToNextMajorVersion;
				minimumVersion = 10.4.1;
			};
		};
/* End XCRemoteSwiftPackageReference section */

/* Begin XCSwiftPackageProductDependency section */
		29A2B3D22FE3075A0086C6F7 /* KeyboardKit */ = {
			isa = XCSwiftPackageProductDependency;
			package = 29A2B3D12FE3075A0086C6F7 /* XCRemoteSwiftPackageReference "KeyboardKit" */;
			productName = KeyboardKit;
		};
/* End XCSwiftPackageProductDependency section */
	};
	rootObject = 29A2B38E2FE302F20086C6F7 /* Project object */;
}
